
Microsoft Visual Studio Solution File, Format Version 12.00
# Visual Studio Version 17
VisualStudioVersion = 17.10.34916.146
MinimumVisualStudioVersion = 10.0.40219.1
Project("{FAE04EC0-301F-11D3-BF4B-00C04F79EFBC}") = "C_Sharp_String_Built_in_fn", "C_Sharp_String_Built_in_fn\C_Sharp_String_Built_in_fn.csproj", "{252B6926-3402-413E-8DC3-E25C727BD8F0}"
EndProject
Global
	GlobalSection(SolutionConfigurationPlatforms) = preSolution
		Debug|Any CPU = Debug|Any CPU
		Release|Any CPU = Release|Any CPU
	EndGlobalSection
	GlobalSection(ProjectConfigurationPlatforms) = postSolution
		{252B6926-3402-413E-8DC3-E25C727BD8F0}.Debug|Any CPU.ActiveCfg = Debug|Any CPU
		{252B6926-3402-413E-8DC3-E25C727BD8F0}.Debug|Any CPU.Build.0 = Debug|Any CPU
		{252B6926-3402-413E-8DC3-E25C727BD8F0}.Release|Any CPU.ActiveCfg = Release|Any CPU
		{252B6926-3402-413E-8DC3-E25C727BD8F0}.Release|Any CPU.Build.0 = Release|Any CPU
	EndGlobalSection
	GlobalSection(SolutionProperties) = preSolution
		HideSolutionNode = FALSE
	EndGlobalSection
	GlobalSection(ExtensibilityGlobals) = postSolution
		SolutionGuid = {6262EE08-207D-4498-8353-DE702003C7D7}
	EndGlobalSection
EndGlobal
